github.com/google/uuid v1.6.0 h1:NIvaJDMOsjHA8n1jAhLSgzrAzy1Hgr+hNrb57e+94F0=
github.com/google/uuid v1.6.0/go.mod h1:TIyPZe4MgqvfeYDBFedMoGGpEw/LqOeaOT+nhxU+yHo=
github.com/zaixrx/gop2p v0.0.0-20250620151725-a566ae05f5c1 h1:jfdC+pFVxXi9SBrE5NuzNt0miRBeOnJ2mFrXSYNlQHo=
github.com/zaixrx/gop2p v0.0.0-20250620151725-a566ae05f5c1/go.mod h1:CqTNYKBJuY7uxHdSrMQhkBPsVC5lqFERSpkZpxxI7OQ=
